
Microsoft Visual Studio Solution File, Format Version 12.00
# Visual Studio 15
VisualStudioVersion = 15.0.27428.2015
MinimumVisualStudioVersion = 10.0.40219.1
Project("{9A19103F-16F7-4668-BE54-9A1E7A4F7556}") = "Entidades", "Entidades\Entidades.csproj", "{CCC41BA8-0AD4-4ED4-A53D-E842FC3D688C}"
EndProject
Project("{FAE04EC0-301F-11D3-BF4B-00C04F79EFBC}") = "AccesoDatos", "Prueba\AccesoDatos.csproj", "{64D888E1-2300-408D-8934-ADDB96043198}"
EndProject
Project("{FAE04EC0-301F-11D3-BF4B-00C04F79EFBC}") = "LogicaNegocio", "LogicaNegocio\LogicaNegocio.csproj", "{A347FA87-4C24-4404-ADD0-50E99D53932A}"
EndProject
Project("{2150E333-8FDC-42A3-9474-1A3956D46DE8}") = "WCF", "WCF", "{859408EF-FE5E-471E-A28E-02DCA6457AD7}"
EndProject
Project("{FAE04EC0-301F-11D3-BF4B-00C04F79EFBC}") = "WCFProcesoLlenado", "WCFProcesoLlenado\WCFProcesoLlenado.csproj", "{5B4DFE54-63F2-4105-96A8-687C64B189D3}"
EndProject
Project("{FAE04EC0-301F-11D3-BF4B-00C04F79EFBC}") = "WCFProductoNoConforme", "WCFProductoNoConforme\WCFProductoNoConforme.csproj", "{CD798289-08BA-4CA7-B6CE-0D23D256E719}"
EndProject
Project("{FAE04EC0-301F-11D3-BF4B-00C04F79EFBC}") = "WCFDisposicionProductoNoConforme", "WCFDisposicionProductoNoConforme\WCFDisposicionProductoNoConforme.csproj", "{C48E44C1-0104-47D1-B092-1685A8941DDE}"
EndProject
Project("{FAE04EC0-301F-11D3-BF4B-00C04F79EFBC}") = "WFCInventarioProductoTerminado", "WFCInventarioProductoTerminado\WFCInventarioProductoTerminado.csproj", "{3210E7EA-4CF0-41E2-B3A8-A1EFBD360876}"
EndProject
Project("{FAE04EC0-301F-11D3-BF4B-00C04F79EFBC}") = "WCFDistribucionInventarioTanque", "WCFDistribucionInventarioTanque\WCFDistribucionInventarioTanque.csproj", "{BFD2E044-B59E-4180-B00A-CFABDC1CCD02}"
EndProject
Project("{FAE04EC0-301F-11D3-BF4B-00C04F79EFBC}") = "WCFAplicacion", "WCFAplicacion\WCFAplicacion.csproj", "{CF1185FB-98D6-4213-A0E5-BF8CB38FA731}"
EndProject
Project("{FAE04EC0-301F-11D3-BF4B-00C04F79EFBC}") = "WCFUsuario", "WCFUsuario\WCFUsuario.csproj", "{0853276C-0669-4038-B3F8-2E0832F58E3F}"
EndProject
Project("{FAE04EC0-301F-11D3-BF4B-00C04F79EFBC}") = "WFCAccion", "WFCAccion\WFCAccion.csproj", "{0BE5BAD6-680C-41EA-B57B-2D19C8EB76CE}"
EndProject
Project("{FAE04EC0-301F-11D3-BF4B-00C04F79EFBC}") = "WFCAditivo", "WFCAditivo\WFCAditivo.csproj", "{D2B5C75C-FA31-44EE-B24D-7658A9CB2918}"
EndProject
Project("{FAE04EC0-301F-11D3-BF4B-00C04F79EFBC}") = "WFCBrix", "WFCBrix\WFCBrix.csproj", "{425B58BD-DFEE-4D0A-B703-8C628FA1F963}"
EndProject
Project("{FAE04EC0-301F-11D3-BF4B-00C04F79EFBC}") = "WFCModulo", "WFCModulo\WFCModulo.csproj", "{4367E8C3-2939-497B-B27C-59C30C1D6BC6}"
EndProject
Project("{FAE04EC0-301F-11D3-BF4B-00C04F79EFBC}") = "WCFRol", "WCFRol\WCFRol.csproj", "{02575F5F-40BE-4897-83FA-C12F627E2766}"
EndProject
Project("{FAE04EC0-301F-11D3-BF4B-00C04F79EFBC}") = "WCFProcesoBPBJC", "WCFProcesoBPBJC\WCFProcesoBPBJC.csproj", "{AB13AEA8-8C47-4E7D-B3E3-72459ED01A8A}"
EndProject
Project("{FAE04EC0-301F-11D3-BF4B-00C04F79EFBC}") = "WFCProcesoIngresoPiña", "WFCProcesoIngresoPiña\WFCProcesoIngresoPiña.csproj", "{1CBC26F6-5518-450A-AE90-A17D5E2D5900}"
EndProject
Project("{FAE04EC0-301F-11D3-BF4B-00C04F79EFBC}") = "WCFProcesoMaduracion", "WCFProcesoMaduracion\WCFProcesoMaduracion.csproj", "{336ED4AA-D89F-4F4F-8A11-7A26493554C6}"
EndProject
Project("{FAE04EC0-301F-11D3-BF4B-00C04F79EFBC}") = "Brix", "Brix\Brix.csproj", "{83629BA7-D89C-491F-AF2D-D83A492B09E3}"
EndProject
Project("{FAE04EC0-301F-11D3-BF4B-00C04F79EFBC}") = "Aplicacion", "Aplicacion\Aplicacion.csproj", "{C3418710-38A1-4EB0-B5C6-7D70A7853107}"
EndProject
Project("{FAE04EC0-301F-11D3-BF4B-00C04F79EFBC}") = "InventarioProductoTerminado", "InventarioProductoTerminado\InventarioProductoTerminado.csproj", "{B42E5A00-2CDB-4B96-BB75-7F0AB7332348}"
EndProject
Global
	GlobalSection(SolutionConfigurationPlatforms) = preSolution
		Debug|Any CPU = Debug|Any CPU
		Release|Any CPU = Release|Any CPU
	EndGlobalSection
	GlobalSection(ProjectConfigurationPlatforms) = postSolution
		{CCC41BA8-0AD4-4ED4-A53D-E842FC3D688C}.Debug|Any CPU.ActiveCfg = Debug|Any CPU
		{CCC41BA8-0AD4-4ED4-A53D-E842FC3D688C}.Debug|Any CPU.Build.0 = Debug|Any CPU
		{CCC41BA8-0AD4-4ED4-A53D-E842FC3D688C}.Release|Any CPU.ActiveCfg = Release|Any CPU
		{CCC41BA8-0AD4-4ED4-A53D-E842FC3D688C}.Release|Any CPU.Build.0 = Release|Any CPU
		{64D888E1-2300-408D-8934-ADDB96043198}.Debug|Any CPU.ActiveCfg = Debug|Any CPU
		{64D888E1-2300-408D-8934-ADDB96043198}.Debug|Any CPU.Build.0 = Debug|Any CPU
		{64D888E1-2300-408D-8934-ADDB96043198}.Release|Any CPU.ActiveCfg = Release|Any CPU
		{64D888E1-2300-408D-8934-ADDB96043198}.Release|Any CPU.Build.0 = Release|Any CPU
		{A347FA87-4C24-4404-ADD0-50E99D53932A}.Debug|Any CPU.ActiveCfg = Debug|Any CPU
		{A347FA87-4C24-4404-ADD0-50E99D53932A}.Debug|Any CPU.Build.0 = Debug|Any CPU
		{A347FA87-4C24-4404-ADD0-50E99D53932A}.Release|Any CPU.ActiveCfg = Release|Any CPU
		{A347FA87-4C24-4404-ADD0-50E99D53932A}.Release|Any CPU.Build.0 = Release|Any CPU
		{5B4DFE54-63F2-4105-96A8-687C64B189D3}.Debug|Any CPU.ActiveCfg = Debug|Any CPU
		{5B4DFE54-63F2-4105-96A8-687C64B189D3}.Debug|Any CPU.Build.0 = Debug|Any CPU
		{5B4DFE54-63F2-4105-96A8-687C64B189D3}.Release|Any CPU.ActiveCfg = Release|Any CPU
		{5B4DFE54-63F2-4105-96A8-687C64B189D3}.Release|Any CPU.Build.0 = Release|Any CPU
		{CD798289-08BA-4CA7-B6CE-0D23D256E719}.Debug|Any CPU.ActiveCfg = Debug|Any CPU
		{CD798289-08BA-4CA7-B6CE-0D23D256E719}.Debug|Any CPU.Build.0 = Debug|Any CPU
		{CD798289-08BA-4CA7-B6CE-0D23D256E719}.Release|Any CPU.ActiveCfg = Release|Any CPU
		{CD798289-08BA-4CA7-B6CE-0D23D256E719}.Release|Any CPU.Build.0 = Release|Any CPU
		{C48E44C1-0104-47D1-B092-1685A8941DDE}.Debug|Any CPU.ActiveCfg = Debug|Any CPU
		{C48E44C1-0104-47D1-B092-1685A8941DDE}.Debug|Any CPU.Build.0 = Debug|Any CPU
		{C48E44C1-0104-47D1-B092-1685A8941DDE}.Release|Any CPU.ActiveCfg = Release|Any CPU
		{C48E44C1-0104-47D1-B092-1685A8941DDE}.Release|Any CPU.Build.0 = Release|Any CPU
		{3210E7EA-4CF0-41E2-B3A8-A1EFBD360876}.Debug|Any CPU.ActiveCfg = Debug|Any CPU
		{3210E7EA-4CF0-41E2-B3A8-A1EFBD360876}.Debug|Any CPU.Build.0 = Debug|Any CPU
		{3210E7EA-4CF0-41E2-B3A8-A1EFBD360876}.Release|Any CPU.ActiveCfg = Release|Any CPU
		{3210E7EA-4CF0-41E2-B3A8-A1EFBD360876}.Release|Any CPU.Build.0 = Release|Any CPU
		{BFD2E044-B59E-4180-B00A-CFABDC1CCD02}.Debug|Any CPU.ActiveCfg = Debug|Any CPU
		{BFD2E044-B59E-4180-B00A-CFABDC1CCD02}.Debug|Any CPU.Build.0 = Debug|Any CPU
		{BFD2E044-B59E-4180-B00A-CFABDC1CCD02}.Release|Any CPU.ActiveCfg = Release|Any CPU
		{BFD2E044-B59E-4180-B00A-CFABDC1CCD02}.Release|Any CPU.Build.0 = Release|Any CPU
		{CF1185FB-98D6-4213-A0E5-BF8CB38FA731}.Debug|Any CPU.ActiveCfg = Debug|Any CPU
		{CF1185FB-98D6-4213-A0E5-BF8CB38FA731}.Debug|Any CPU.Build.0 = Debug|Any CPU
		{CF1185FB-98D6-4213-A0E5-BF8CB38FA731}.Release|Any CPU.ActiveCfg = Release|Any CPU
		{CF1185FB-98D6-4213-A0E5-BF8CB38FA731}.Release|Any CPU.Build.0 = Release|Any CPU
		{0853276C-0669-4038-B3F8-2E0832F58E3F}.Debug|Any CPU.ActiveCfg = Debug|Any CPU
		{0853276C-0669-4038-B3F8-2E0832F58E3F}.Debug|Any CPU.Build.0 = Debug|Any CPU
		{0853276C-0669-4038-B3F8-2E0832F58E3F}.Release|Any CPU.ActiveCfg = Release|Any CPU
		{0853276C-0669-4038-B3F8-2E0832F58E3F}.Release|Any CPU.Build.0 = Release|Any CPU
		{0BE5BAD6-680C-41EA-B57B-2D19C8EB76CE}.Debug|Any CPU.ActiveCfg = Debug|Any CPU
		{0BE5BAD6-680C-41EA-B57B-2D19C8EB76CE}.Debug|Any CPU.Build.0 = Debug|Any CPU
		{0BE5BAD6-680C-41EA-B57B-2D19C8EB76CE}.Release|Any CPU.ActiveCfg = Release|Any CPU
		{0BE5BAD6-680C-41EA-B57B-2D19C8EB76CE}.Release|Any CPU.Build.0 = Release|Any CPU
		{D2B5C75C-FA31-44EE-B24D-7658A9CB2918}.Debug|Any CPU.ActiveCfg = Debug|Any CPU
		{D2B5C75C-FA31-44EE-B24D-7658A9CB2918}.Debug|Any CPU.Build.0 = Debug|Any CPU
		{D2B5C75C-FA31-44EE-B24D-7658A9CB2918}.Release|Any CPU.ActiveCfg = Release|Any CPU
		{D2B5C75C-FA31-44EE-B24D-7658A9CB2918}.Release|Any CPU.Build.0 = Release|Any CPU
		{425B58BD-DFEE-4D0A-B703-8C628FA1F963}.Debug|Any CPU.ActiveCfg = Debug|Any CPU
		{425B58BD-DFEE-4D0A-B703-8C628FA1F963}.Debug|Any CPU.Build.0 = Debug|Any CPU
		{425B58BD-DFEE-4D0A-B703-8C628FA1F963}.Release|Any CPU.ActiveCfg = Release|Any CPU
		{425B58BD-DFEE-4D0A-B703-8C628FA1F963}.Release|Any CPU.Build.0 = Release|Any CPU
		{4367E8C3-2939-497B-B27C-59C30C1D6BC6}.Debug|Any CPU.ActiveCfg = Debug|Any CPU
		{4367E8C3-2939-497B-B27C-59C30C1D6BC6}.Debug|Any CPU.Build.0 = Debug|Any CPU
		{4367E8C3-2939-497B-B27C-59C30C1D6BC6}.Release|Any CPU.ActiveCfg = Release|Any CPU
		{4367E8C3-2939-497B-B27C-59C30C1D6BC6}.Release|Any CPU.Build.0 = Release|Any CPU
		{02575F5F-40BE-4897-83FA-C12F627E2766}.Debug|Any CPU.ActiveCfg = Debug|Any CPU
		{02575F5F-40BE-4897-83FA-C12F627E2766}.Debug|Any CPU.Build.0 = Debug|Any CPU
		{02575F5F-40BE-4897-83FA-C12F627E2766}.Release|Any CPU.ActiveCfg = Release|Any CPU
		{02575F5F-40BE-4897-83FA-C12F627E2766}.Release|Any CPU.Build.0 = Release|Any CPU
		{AB13AEA8-8C47-4E7D-B3E3-72459ED01A8A}.Debug|Any CPU.ActiveCfg = Debug|Any CPU
		{AB13AEA8-8C47-4E7D-B3E3-72459ED01A8A}.Debug|Any CPU.Build.0 = Debug|Any CPU
		{AB13AEA8-8C47-4E7D-B3E3-72459ED01A8A}.Release|Any CPU.ActiveCfg = Release|Any CPU
		{AB13AEA8-8C47-4E7D-B3E3-72459ED01A8A}.Release|Any CPU.Build.0 = Release|Any CPU
		{1CBC26F6-5518-450A-AE90-A17D5E2D5900}.Debug|Any CPU.ActiveCfg = Debug|Any CPU
		{1CBC26F6-5518-450A-AE90-A17D5E2D5900}.Debug|Any CPU.Build.0 = Debug|Any CPU
		{1CBC26F6-5518-450A-AE90-A17D5E2D5900}.Release|Any CPU.ActiveCfg = Release|Any CPU
		{1CBC26F6-5518-450A-AE90-A17D5E2D5900}.Release|Any CPU.Build.0 = Release|Any CPU
		{336ED4AA-D89F-4F4F-8A11-7A26493554C6}.Debug|Any CPU.ActiveCfg = Debug|Any CPU
		{336ED4AA-D89F-4F4F-8A11-7A26493554C6}.Debug|Any CPU.Build.0 = Debug|Any CPU
		{336ED4AA-D89F-4F4F-8A11-7A26493554C6}.Release|Any CPU.ActiveCfg = Release|Any CPU
		{336ED4AA-D89F-4F4F-8A11-7A26493554C6}.Release|Any CPU.Build.0 = Release|Any CPU
		{83629BA7-D89C-491F-AF2D-D83A492B09E3}.Debug|Any CPU.ActiveCfg = Debug|Any CPU
		{83629BA7-D89C-491F-AF2D-D83A492B09E3}.Debug|Any CPU.Build.0 = Debug|Any CPU
		{83629BA7-D89C-491F-AF2D-D83A492B09E3}.Release|Any CPU.ActiveCfg = Release|Any CPU
		{83629BA7-D89C-491F-AF2D-D83A492B09E3}.Release|Any CPU.Build.0 = Release|Any CPU
		{C3418710-38A1-4EB0-B5C6-7D70A7853107}.Debug|Any CPU.ActiveCfg = Debug|Any CPU
		{C3418710-38A1-4EB0-B5C6-7D70A7853107}.Debug|Any CPU.Build.0 = Debug|Any CPU
		{C3418710-38A1-4EB0-B5C6-7D70A7853107}.Release|Any CPU.ActiveCfg = Release|Any CPU
		{C3418710-38A1-4EB0-B5C6-7D70A7853107}.Release|Any CPU.Build.0 = Release|Any CPU
		{B42E5A00-2CDB-4B96-BB75-7F0AB7332348}.Debug|Any CPU.ActiveCfg = Debug|Any CPU
		{B42E5A00-2CDB-4B96-BB75-7F0AB7332348}.Debug|Any CPU.Build.0 = Debug|Any CPU
		{B42E5A00-2CDB-4B96-BB75-7F0AB7332348}.Release|Any CPU.ActiveCfg = Release|Any CPU
		{B42E5A00-2CDB-4B96-BB75-7F0AB7332348}.Release|Any CPU.Build.0 = Release|Any CPU
	EndGlobalSection
	GlobalSection(SolutionProperties) = preSolution
		HideSolutionNode = FALSE
	EndGlobalSection
	GlobalSection(NestedProjects) = preSolution
		{5B4DFE54-63F2-4105-96A8-687C64B189D3} = {859408EF-FE5E-471E-A28E-02DCA6457AD7}
		{CD798289-08BA-4CA7-B6CE-0D23D256E719} = {859408EF-FE5E-471E-A28E-02DCA6457AD7}
		{C48E44C1-0104-47D1-B092-1685A8941DDE} = {859408EF-FE5E-471E-A28E-02DCA6457AD7}
		{3210E7EA-4CF0-41E2-B3A8-A1EFBD360876} = {859408EF-FE5E-471E-A28E-02DCA6457AD7}
		{BFD2E044-B59E-4180-B00A-CFABDC1CCD02} = {859408EF-FE5E-471E-A28E-02DCA6457AD7}
		{CF1185FB-98D6-4213-A0E5-BF8CB38FA731} = {859408EF-FE5E-471E-A28E-02DCA6457AD7}
		{0853276C-0669-4038-B3F8-2E0832F58E3F} = {859408EF-FE5E-471E-A28E-02DCA6457AD7}
		{0BE5BAD6-680C-41EA-B57B-2D19C8EB76CE} = {859408EF-FE5E-471E-A28E-02DCA6457AD7}
		{D2B5C75C-FA31-44EE-B24D-7658A9CB2918} = {859408EF-FE5E-471E-A28E-02DCA6457AD7}
		{425B58BD-DFEE-4D0A-B703-8C628FA1F963} = {859408EF-FE5E-471E-A28E-02DCA6457AD7}
		{4367E8C3-2939-497B-B27C-59C30C1D6BC6} = {859408EF-FE5E-471E-A28E-02DCA6457AD7}
		{02575F5F-40BE-4897-83FA-C12F627E2766} = {859408EF-FE5E-471E-A28E-02DCA6457AD7}
		{AB13AEA8-8C47-4E7D-B3E3-72459ED01A8A} = {859408EF-FE5E-471E-A28E-02DCA6457AD7}
		{1CBC26F6-5518-450A-AE90-A17D5E2D5900} = {859408EF-FE5E-471E-A28E-02DCA6457AD7}
		{336ED4AA-D89F-4F4F-8A11-7A26493554C6} = {859408EF-FE5E-471E-A28E-02DCA6457AD7}
	EndGlobalSection
	GlobalSection(ExtensibilityGlobals) = postSolution
		SolutionGuid = {93B6B357-2182-4E98-86B7-C2126FA66DE8}
	EndGlobalSection
EndGlobal
